dependencies:
- name: employee-service
  repository: file://charts/employee-service
  version: 0.1.0
- name: api
  repository: file://charts/api
  version: 0.1.0
- name: payroll-app
  repository: file://charts/payroll-app
  version: 0.1.0
- name: process-paycheck-with-tax-service
  repository: file://charts/process-paycheck-with-tax-service
  version: 0.1.0
- name: process-paycheck-without-tax-service
  repository: file://charts/process-paycheck-without-tax-service
  version: 0.1.0
- name: timesheet
  repository: file://charts/timesheet
  version: 0.1.0
- name: timetracking-app
  repository: file://charts/timetracking-app
  version: 0.1.0
- name: integration-app
  repository: file://charts/integration-app
  version: 0.1.0
- name: external-api
  repository: file://charts/external-api
  version: 0.1.0
- name: knowledge-base
  repository: file://charts/knowledge-base
  version: 0.1.0
- name: sftp-app
  repository: file://charts/sftp-app
  version: 0.1.0
- name: paycor
  repository: file://charts/paycor
  version: 0.1.0
- name: timesheet-batch
  repository: file://charts/timesheet-batch
  version: 0.1.0
- name: monolith
  repository: file://charts/monolith
  version: 0.1.0
digest: sha256:9058d702e1def92fcc1f11d9d74803a953f44d8ecc8381472f5418ed1d1a3ab8
generated: "2026-04-16T12:37:22.781875806+05:30"
